// !$*UTF8*$!
{
	archiveVersion = 1;
	classes = {
	};
	objectVersion = 46;
	objects = {

/* Begin PBXBuildFile section */
		8BB1F88AF8EBC9125BA53D6B /* Pods_CenteredMenu.framework in Frameworks */ = {isa = PBXBuildFile; fileRef = 394DF1EBB463BD927FDED2B9 /* Pods_CenteredMenu.framework */; };
		B10B10911E50EA6900374695 /* Constants.swift in Sources */ = {isa = PBXBuildFile; fileRef = B10B10901E50EA6900374695 /* Constants.swift */; };
		FA199EB21C54E5C600F334CB /* AppDelegate.swift in Sources */ = {isa = PBXBuildFile; fileRef = FA199EB11C54E5C600F334CB /* AppDelegate.swift */; };
		FA199EB71C54E5C600F334CB /* Main.storyboard in Resources */ = {isa = PBXBuildFile; fileRef = FA199EB51C54E5C600F334CB /* Main.storyboard */; };
		FA199EB91C54E5C600F334CB /* Assets.xcassets in Resources */ = {isa = PBXBuildFile; fileRef = FA199EB81C54E5C600F334CB /* Assets.xcassets */; };
		FA199EBC1C54E5C600F334CB /* LaunchScreen.storyboard in Resources */ = {isa = PBXBuildFile; fileRef = FA199EBA1C54E5C600F334CB /* LaunchScreen.storyboard */; };
		FA199EC51C54E65B00F334CB /* MenuCollectionViewCell.swift in Sources */ = {isa = PBXBuildFile; fileRef = FA199EC31C54E65B00F334CB /* MenuCollectionViewCell.swift */; };
		FA199EC61C54E65B00F334CB /* MenuCollectionViewCell.xib in Resources */ = {isa = PBXBuildFile; fileRef = FA199EC41C54E65B00F334CB /* MenuCollectionViewCell.xib */; };
		FA8D9BA61C55FF8000813C9B /* UICollectionViewCell+Animations.swift in Sources */ = {isa = PBXBuildFile; fileRef = FA8D9BA51C55FF8000813C9B /* UICollectionViewCell+Animations.swift */; };
		FA8D9BAA1C55FF9F00813C9B /* HomeViewController.swift in Sources */ = {isa = PBXBuildFile; fileRef = FA8D9BA81C55FF9F00813C9B /* HomeViewController.swift */; };
		FA8D9BAB1C55FF9F00813C9B /* MenuViewController.swift in Sources */ = {isa = PBXBuildFile; fileRef = FA8D9BA91C55FF9F00813C9B /* MenuViewController.swift */; };
		FA8D9BAE1C55FFC500813C9B /* ViewData.swift in Sources */ = {isa = PBXBuildFile; fileRef = FA8D9BAD1C55FFC500813C9B /* ViewData.swift */; };
/* End PBXBuildFile section */

/* Begin PBXFileReference section */
		394DF1EBB463BD927FDED2B9 /* Pods_CenteredMenu.framework */ = {isa = PBXFileReference; explicitFileType = wrapper.framework; includeInIndex = 0; path = Pods_CenteredMenu.framework; sourceTree = BUILT_PRODUCTS_DIR; };
		AEF27BD69FD10F742C83E4C4 /* Pods-CenteredMenu.release.xcconfig */ = {isa = PBXFileReference; includeInIndex = 1; lastKnownFileType = text.xcconfig; name = "Pods-CenteredMenu.release.xcconfig"; path = "Pods/Target Support Files/Pods-CenteredMenu/Pods-CenteredMenu.release.xcconfig"; sourceTree = "<group>"; };
		B10B10901E50EA6900374695 /* Constants.swift */ = {isa = PBXFileReference; fileEncoding = 4; lastKnownFileType = sourcecode.swift; path = Constants.swift; sourceTree = "<group>"; };
		F1766D067D7107E47A060A06 /* Pods-CenteredMenu.debug.xcconfig */ = {isa = PBXFileReference; includeInIndex = 1; lastKnownFileType = text.xcconfig; name = "Pods-CenteredMenu.debug.xcconfig"; path = "Pods/Target Support Files/Pods-CenteredMenu/Pods-CenteredMenu.debug.xcconfig"; sourceTree = "<group>"; };
		FA199EAE1C54E5C600F334CB /* CenteredMenu.app */ = {isa = PBXFileReference; explicitFileType = wrapper.application; includeInIndex = 0; path = CenteredMenu.app; sourceTree = BUILT_PRODUCTS_DIR; };
		FA199EB11C54E5C600F334CB /* AppDelegate.swift */ = {isa = PBXFileReference; lastKnownFileType = sourcecode.swift; path = AppDelegate.swift; sourceTree = "<group>"; };
		FA199EB61C54E5C600F334CB /* Base */ = {isa = PBXFileReference; lastKnownFileType = file.storyboard; name = Base; path = Base.lproj/Main.storyboard; sourceTree = "<group>"; };
		FA199EB81C54E5C600F334CB /* Assets.xcassets */ = {isa = PBXFileReference; lastKnownFileType = folder.assetcatalog; path = Assets.xcassets; sourceTree = "<group>"; };
		FA199EBB1C54E5C600F334CB /* Base */ = {isa = PBXFileReference; lastKnownFileType = file.storyboard; name = Base; path = Base.lproj/LaunchScreen.storyboard; sourceTree = "<group>"; };
		FA199EBD1C54E5C600F334CB /* Info.plist */ = {isa = PBXFileReference; lastKnownFileType = text.plist.xml; path = Info.plist; sourceTree = "<group>"; };
		FA199EC31C54E65B00F334CB /* MenuCollectionViewCell.swift */ = {isa = PBXFileReference; fileEncoding = 4; lastKnownFileType = sourcecode.swift; name = MenuCollectionViewCell.swift; path = View/MenuCollectionViewCell/MenuCollectionViewCell.swift; sourceTree = "<group>"; };
		FA199EC41C54E65B00F334CB /* MenuCollectionViewCell.xib */ = {isa = PBXFileReference; fileEncoding = 4; lastKnownFileType = file.xib; name = MenuCollectionViewCell.xib; path = View/MenuCollectionViewCell/MenuCollectionViewCell.xib; sourceTree = "<group>"; };
		FA8D9BA51C55FF8000813C9B /* UICollectionViewCell+Animations.swift */ = {isa = PBXFileReference; fileEncoding = 4; lastKnownFileType = sourcecode.swift; name = "UICollectionViewCell+Animations.swift"; path = "Categories/UICollectionViewCell+Animations.swift"; sourceTree = "<group>"; };
		FA8D9BA81C55FF9F00813C9B /* HomeViewController.swift */ = {isa = PBXFileReference; fileEncoding = 4; lastKnownFileType = sourcecode.swift; name = HomeViewController.swift; path = Controller/HomeViewController.swift; sourceTree = "<group>"; };
		FA8D9BA91C55FF9F00813C9B /* MenuViewController.swift */ = {isa = PBXFileReference; fileEncoding = 4; lastKnownFileType = sourcecode.swift; name = MenuViewController.swift; path = Controller/MenuViewController.swift; sourceTree = "<group>"; };
		FA8D9BAD1C55FFC500813C9B /* ViewData.swift */ = {isa = PBXFileReference; fileEncoding = 4; lastKnownFileType = sourcecode.swift; name = ViewData.swift; path = Model/ViewData.swift; sourceTree = "<group>"; };
/* End PBXFileReference section */

/* Begin PBXFrameworksBuildPhase section */
		FA199EAB1C54E5C600F334CB /* Frameworks */ = {
			isa = PBXFrameworksBuildPhase;
			buildActionMask = 2147483647;
			files = (
				8BB1F88AF8EBC9125BA53D6B /* Pods_CenteredMenu.framework in Frameworks */,
			);
			runOnlyForDeploymentPostprocessing = 0;
		};
/* End PBXFrameworksBuildPhase section */

/* Begin PBXGroup section */
		72097472B5AD21A51C0970A3 /* Pods */ = {
			isa = PBXGroup;
			children = (
				F1766D067D7107E47A060A06 /* Pods-CenteredMenu.debug.xcconfig */,
				AEF27BD69FD10F742C83E4C4 /* Pods-CenteredMenu.release.xcconfig */,
			);
			name = Pods;
			sourceTree = "<group>";
		};
		9C1BD318BF9DCC82BFCC01CD /* Frameworks */ = {
			isa = PBXGroup;
			children = (
				394DF1EBB463BD927FDED2B9 /* Pods_CenteredMenu.framework */,
			);
			name = Frameworks;
			sourceTree = "<group>";
		};
		FA199EA51C54E5C600F334CB = {
			isa = PBXGroup;
			children = (
				FA199EB01C54E5C600F334CB /* CenteredMenu */,
				FA199EAF1C54E5C600F334CB /* Products */,
				72097472B5AD21A51C0970A3 /* Pods */,
				9C1BD318BF9DCC82BFCC01CD /* Frameworks */,
			);
			sourceTree = "<group>";
		};
		FA199EAF1C54E5C600F334CB /* Products */ = {
			isa = PBXGroup;
			children = (
				FA199EAE1C54E5C600F334CB /* CenteredMenu.app */,
			);
			name = Products;
			sourceTree = "<group>";
		};
		FA199EB01C54E5C600F334CB /* CenteredMenu */ = {
			isa = PBXGroup;
			children = (
				FA199EC71C54E66500F334CB /* MenuCollectionViewCell */,
				FA8D9BAF1C55FFCA00813C9B /* Model */,
				FA8D9BAC1C55FFAD00813C9B /* Controller */,
				FA8D9BA71C55FF8900813C9B /* Categories */,
				FA199EB11C54E5C600F334CB /* AppDelegate.swift */,
				FA199EB51C54E5C600F334CB /* Main.storyboard */,
				FA199EB81C54E5C600F334CB /* Assets.xcassets */,
				FA199EBA1C54E5C600F334CB /* LaunchScreen.storyboard */,
				FA199EBD1C54E5C600F334CB /* Info.plist */,
			);
			path = CenteredMenu;
			sourceTree = "<group>";
		};
		FA199EC71C54E66500F334CB /* MenuCollectionViewCell */ = {
			isa = PBXGroup;
			children = (
				FA199EC31C54E65B00F334CB /* MenuCollectionViewCell.swift */,
				FA199EC41C54E65B00F334CB /* MenuCollectionViewCell.xib */,
			);
			name = MenuCollectionViewCell;
			sourceTree = "<group>";
		};
		FA8D9BA71C55FF8900813C9B /* Categories */ = {
			isa = PBXGroup;
			children = (
				FA8D9BA51C55FF8000813C9B /* UICollectionViewCell+Animations.swift */,
			);
			name = Categories;
			sourceTree = "<group>";
		};
		FA8D9BAC1C55FFAD00813C9B /* Controller */ = {
			isa = PBXGroup;
			children = (
				FA8D9BA81C55FF9F00813C9B /* HomeViewController.swift */,
				FA8D9BA91C55FF9F00813C9B /* MenuViewController.swift */,
			);
			name = Controller;
			sourceTree = "<group>";
		};
		FA8D9BAF1C55FFCA00813C9B /* Model */ = {
			isa = PBXGroup;
			children = (
				FA8D9BAD1C55FFC500813C9B /* ViewData.swift */,
				B10B10901E50EA6900374695 /* Constants.swift */,
			);
			name = Model;
			sourceTree = "<group>";
		};
/* End PBXGroup section */

/* Begin PBXNativeTarget section */
		FA199EAD1C54E5C600F334CB /* CenteredMenu */ = {
			isa = PBXNativeTarget;
			buildConfigurationList = FA199EC01C54E5C600F334CB /* Build configuration list for PBXNativeTarget "CenteredMenu" */;
			buildPhases = (
				22C615924AF0853E9AEDF45C /* [CP] Check Pods Manifest.lock */,
				FA199EAA1C54E5C600F334CB /* Sources */,
				FA199EAB1C54E5C600F334CB /* Frameworks */,
				FA199EAC1C54E5C600F334CB /* Resources */,
				67C88833230369E79512C2A2 /* [CP] Embed Pods Frameworks */,
				34C3013B55340D5D2279F8C6 /* [CP] Copy Pods Resources */,
			);
			buildRules = (
			);
			dependencies = (
			);
			name = CenteredMenu;
			productName = CenteredMenu;
			productReference = FA199EAE1C54E5C600F334CB /* CenteredMenu.app */;
			productType = "com.apple.product-type.application";
		};
/* End PBXNativeTarget section */

/* Begin PBXProject section */
		FA199EA61C54E5C600F334CB /* Project object */ = {
			isa = PBXProject;
			attributes = {
				LastSwiftUpdateCheck = 0720;
				LastUpgradeCheck = 0720;
				ORGANIZATIONNAME = Alex;
				TargetAttributes = {
					FA199EAD1C54E5C600F334CB = {
						CreatedOnToolsVersion = 7.2;
						DevelopmentTeam = CZG9U6L9P2;
						LastSwiftMigration = 0820;
					};
				};
			};
			buildConfigurationList = FA199EA91C54E5C600F334CB /* Build configuration list for PBXProject "CenteredMenu" */;
			compatibilityVersion = "Xcode 3.2";
			developmentRegion = English;
			hasScannedForEncodings = 0;
			knownRegions = (
				en,
				Base,
			);
			mainGroup = FA199EA51C54E5C600F334CB;
			productRefGroup = FA199EAF1C54E5C600F334CB /* Products */;
			projectDirPath = "";
			projectRoot = "";
			targets = (
				FA199EAD1C54E5C600F334CB /* CenteredMenu */,
			);
		};
/* End PBXProject section */

/* Begin PBXResourcesBuildPhase section */
		FA199EAC1C54E5C600F334CB /* Resources */ = {
			isa = PBXResourcesBuildPhase;
			buildActionMask = 2147483647;
			files = (
				FA199EBC1C54E5C600F334CB /* LaunchScreen.storyboard in Resources */,
				FA199EB91C54E5C600F334CB /* Assets.xcassets in Resources */,
				FA199EB71C54E5C600F334CB /* Main.storyboard in Resources */,
				FA199EC61C54E65B00F334CB /* MenuCollectionViewCell.xib in Resources */,
			);
			runOnlyForDeploymentPostprocessing = 0;
		};
/* End PBXResourcesBuildPhase section */

/* Begin PBXShellScriptBuildPhase section */
		22C615924AF0853E9AEDF45C /* [CP] Check Pods Manifest.lock */ = {
			isa = PBXShellScriptBuildPhase;
			buildActionMask = 2147483647;
			files = (
			);
			inputPaths = (
			);
			name = "[CP] Check Pods Manifest.lock";
			outputPaths = (
			);
			runOnlyForDeploymentPostprocessing = 0;
			shellPath = /bin/sh;
			shellScript = "diff \"${PODS_ROOT}/../Podfile.lock\" \"${PODS_ROOT}/Manifest.lock\" > /dev/null\nif [ $? != 0 ] ; then\n    # print error to STDERR\n    echo \"error: The sandbox is not in sync with the Podfile.lock. Run 'pod install' or update your CocoaPods installation.\" >&2\n    exit 1\nfi\n";
			showEnvVarsInLog = 0;
		};
		34C3013B55340D5D2279F8C6 /* [CP] Copy Pods Resources */ = {
			isa = PBXShellScriptBuildPhase;
			buildActionMask = 2147483647;
			files = (
			);
			inputPaths = (
			);
			name = "[CP] Copy Pods Resources";
			outputPaths = (
			);
			runOnlyForDeploymentPostprocessing = 0;
			shellPath = /bin/sh;
			shellScript = "\"${SRCROOT}/Pods/Target Support Files/Pods-CenteredMenu/Pods-CenteredMenu-resources.sh\"\n";
			showEnvVarsInLog = 0;
		};
		67C88833230369E79512C2A2 /* [CP] Embed Pods Frameworks */ = {
			isa = PBXShellScriptBuildPhase;
			buildActionMask = 2147483647;
			files = (
			);
			inputPaths = (
			);
			name = "[CP] Embed Pods Frameworks";
			outputPaths = (
			);
			runOnlyForDeploymentPostprocessing = 0;
			shellPath = /bin/sh;
			shellScript = "\"${SRCROOT}/Pods/Target Support Files/Pods-CenteredMenu/Pods-CenteredMenu-frameworks.sh\"\n";
			showEnvVarsInLog = 0;
		};
/* End PBXShellScriptBuildPhase section */

/* Begin PBXSourcesBuildPhase section */
		FA199EAA1C54E5C600F334CB /* Sources */ = {
			isa = PBXSourcesBuildPhase;
			buildActionMask = 2147483647;
			files = (
				FA8D9BAE1C55FFC500813C9B /* ViewData.swift in Sources */,
				FA8D9BA61C55FF8000813C9B /* UICollectionViewCell+Animations.swift in Sources */,
				FA8D9BAB1C55FF9F00813C9B /* MenuViewController.swift in Sources */,
				FA199EB21C54E5C600F334CB /* AppDelegate.swift in Sources */,
				B10B10911E50EA6900374695 /* Constants.swift in Sources */,
				FA199EC51C54E65B00F334CB /* MenuCollectionViewCell.swift in Sources */,
				FA8D9BAA1C55FF9F00813C9B /* HomeViewController.swift in Sources */,
			);
			runOnlyForDeploymentPostprocessing = 0;
		};
/* End PBXSourcesBuildPhase section */

/* Begin PBXVariantGroup section */
		FA199EB51C54E5C600F334CB /* Main.storyboard */ = {
			isa = PBXVariantGroup;
			children = (
				FA199EB61C54E5C600F334CB /* Base */,
			);
			name = Main.storyboard;
			sourceTree = "<group>";
		};
		FA199EBA1C54E5C600F334CB /* LaunchScreen.storyboard */ = {
			isa = PBXVariantGroup;
			children = (
				FA199EBB1C54E5C600F334CB /* Base */,
			);
			name = LaunchScreen.storyboard;
			sourceTree = "<group>";
		};
/* End PBXVariantGroup section */

/* Begin XCBuildConfiguration section */
		FA199EBE1C54E5C600F334CB /* Debug */ = {
			isa = XCBuildConfiguration;
			buildSettings = {
				ALWAYS_SEARCH_USER_PATHS = NO;
				CLANG_CXX_LANGUAGE_STANDARD = "gnu++0x";
				CLANG_CXX_LIBRARY = "libc++";
				CLANG_ENABLE_MODULES = YES;
				CLANG_ENABLE_OBJC_ARC = YES;
				CLANG_WARN_BOOL_CONVERSION = YES;
				CLANG_WARN_CONSTANT_CONVERSION = YES;
				CLANG_WARN_DIRECT_OBJC_ISA_USAGE = YES_ERROR;
				CLANG_WARN_EMPTY_BODY = YES;
				CLANG_WARN_ENUM_CONVERSION = YES;
				CLANG_WARN_INT_CONVERSION = YES;
				CLANG_WARN_OBJC_ROOT_CLASS = YES_ERROR;
				CLANG_WARN_UNREACHABLE_CODE = YES;
				CLANG_WARN__DUPLICATE_METHOD_MATCH = YES;
				"CODE_SIGN_IDENTITY[sdk=iphoneos*]" = "iPhone Developer";
				COPY_PHASE_STRIP = NO;
				DEBUG_INFORMATION_FORMAT = dwarf;
				ENABLE_STRICT_OBJC_MSGSEND = YES;
				ENABLE_TESTABILITY = YES;
				GCC_C_LANGUAGE_STANDARD = gnu99;
				GCC_DYNAMIC_NO_PIC = NO;
				GCC_NO_COMMON_BLOCKS = YES;
				GCC_OPTIMIZATION_LEVEL = 0;
				GCC_PREPROCESSOR_DEFINITIONS = (
					"DEBUG=1",
					"$(inherited)",
				);
				GCC_WARN_64_TO_32_BIT_CONVERSION = YES;
				GCC_WARN_ABOUT_RETURN_TYPE = YES_ERROR;
				GCC_WARN_UNDECLARED_SELECTOR = YES;
				GCC_WARN_UNINITIALIZED_AUTOS = YES_AGGRESSIVE;
				GCC_WARN_UNUSED_FUNCTION = YES;
				GCC_WARN_UNUSED_VARIABLE = YES;
				IPHONEOS_DEPLOYMENT_TARGET = 9.2;
				MTL_ENABLE_DEBUG_INFO = YES;
				ONLY_ACTIVE_ARCH = YES;
				SDKROOT = iphoneos;
				SWIFT_OPTIMIZATION_LEVEL = "-Onone";
			};
			name = Debug;
		};
		FA199EBF1C54E5C600F334CB /* Release */ = {
			isa = XCBuildConfiguration;
			buildSettings = {
				ALWAYS_SEARCH_USER_PATHS = NO;
				CLANG_CXX_LANGUAGE_STANDARD = "gnu++0x";
				CLANG_CXX_LIBRARY = "libc++";
				CLANG_ENABLE_MODULES = YES;
				CLANG_ENABLE_OBJC_ARC = YES;
				CLANG_WARN_BOOL_CONVERSION = YES;
				CLANG_WARN_CONSTANT_CONVERSION = YES;
				CLANG_WARN_DIRECT_OBJC_ISA_USAGE = YES_ERROR;
				CLANG_WARN_EMPTY_BODY = YES;
				CLANG_WARN_ENUM_CONVERSION = YES;
				CLANG_WARN_INT_CONVERSION = YES;
				CLANG_WARN_OBJC_ROOT_CLASS = YES_ERROR;
				CLANG_WARN_UNREACHABLE_CODE = YES;
				CLANG_WARN__DUPLICATE_METHOD_MATCH = YES;
				"CODE_SIGN_IDENTITY[sdk=iphoneos*]" = "iPhone Developer";
				COPY_PHASE_STRIP = NO;
				DEBUG_INFORMATION_FORMAT = "dwarf-with-dsym";
				ENABLE_NS_ASSERTIONS = NO;
				ENABLE_STRICT_OBJC_MSGSEND = YES;
				GCC_C_LANGUAGE_STANDARD = gnu99;
				GCC_NO_COMMON_BLOCKS = YES;
				GCC_WARN_64_TO_32_BIT_CONVERSION = YES;
				GCC_WARN_ABOUT_RETURN_TYPE = YES_ERROR;
				GCC_WARN_UNDECLARED_SELECTOR = YES;
				GCC_WARN_UNINITIALIZED_AUTOS = YES_AGGRESSIVE;
				GCC_WARN_UNUSED_FUNCTION = YES;
				GCC_WARN_UNUSED_VARIABLE = YES;
				IPHONEOS_DEPLOYMENT_TARGET = 9.2;
				MTL_ENABLE_DEBUG_INFO = NO;
				SDKROOT = iphoneos;
				VALIDATE_PRODUCT = YES;
			};
			name = Release;
		};
		FA199EC11C54E5C600F334CB /* Debug */ = {
			isa = XCBuildConfiguration;
			baseConfigurationReference = F1766D067D7107E47A060A06 /* Pods-CenteredMenu.debug.xcconfig */;
			buildSettings = {
				ASSETCATALOG_COMPILER_APPICON_NAME = AppIcon;
				CODE_SIGN_IDENTITY = "iPhone Developer";
				INFOPLIST_FILE = CenteredMenu/Info.plist;
				LD_RUNPATH_SEARCH_PATHS = "$(inherited) @executable_path/Frameworks";
				PRODUCT_BUNDLE_IDENTIFIER = odobush.CenteredMenu;
				PRODUCT_NAME = "$(TARGET_NAME)";
				SWIFT_VERSION = 3.0;
			};
			name = Debug;
		};
		FA199EC21C54E5C600F334CB /* Release */ = {
			isa = XCBuildConfiguration;
			baseConfigurationReference = AEF27BD69FD10F742C83E4C4 /* Pods-CenteredMenu.release.xcconfig */;
			buildSettings = {
				ASSETCATALOG_COMPILER_APPICON_NAME = AppIcon;
				CODE_SIGN_IDENTITY = "iPhone Developer";
				INFOPLIST_FILE = CenteredMenu/Info.plist;
				LD_RUNPATH_SEARCH_PATHS = "$(inherited) @executable_path/Frameworks";
				PRODUCT_BUNDLE_IDENTIFIER = odobush.CenteredMenu;
				PRODUCT_NAME = "$(TARGET_NAME)";
				SWIFT_VERSION = 3.0;
			};
			name = Release;
		};
/* End XCBuildConfiguration section */

/* Begin XCConfigurationList section */
		FA199EA91C54E5C600F334CB /* Build configuration list for PBXProject "CenteredMenu" */ = {
			isa = XCConfigurationList;
			buildConfigurations = (
				FA199EBE1C54E5C600F334CB /* Debug */,
				FA199EBF1C54E5C600F334CB /* Release */,
			);
			defaultConfigurationIsVisible = 0;
			defaultConfigurationName = Release;
		};
		FA199EC01C54E5C600F334CB /* Build configuration list for PBXNativeTarget "CenteredMenu" */ = {
			isa = XCConfigurationList;
			buildConfigurations = (
				FA199EC11C54E5C600F334CB /* Debug */,
				FA199EC21C54E5C600F334CB /* Release */,
			);
			defaultConfigurationIsVisible = 0;
			defaultConfigurationName = Release;
		};
/* End XCConfigurationList section */
	};
	rootObject = FA199EA61C54E5C600F334CB /* Project object */;
}
